
Microsoft Visual Studio Solution File, Format Version 12.00
# Visual Studio Version 17
VisualStudioVersion = 17.3.32929.385
MinimumVisualStudioVersion = 10.0.40219.1
Project("{FAE04EC0-301F-11D3-BF4B-00C04F79EFBC}") = "DividendeXmlGenerator", "DividendeXmlGenerator\DividendeXmlGenerator.csproj", "{35FF5668-5E01-4685-B77E-E6D345D5E234}"
EndProject
Global
	GlobalSection(SolutionConfigurationPlatforms) = preSolution
		Debug|Any CPU = Debug|Any CPU
		Release|Any CPU = Release|Any CPU
	EndGlobalSection
	GlobalSection(ProjectConfigurationPlatforms) = postSolution
		{35FF5668-5E01-4685-B77E-E6D345D5E234}.Debug|Any CPU.ActiveCfg = Debug|Any CPU
		{35FF5668-5E01-4685-B77E-E6D345D5E234}.Debug|Any CPU.Build.0 = Debug|Any CPU
		{35FF5668-5E01-4685-B77E-E6D345D5E234}.Release|Any CPU.ActiveCfg = Release|Any CPU
		{35FF5668-5E01-4685-B77E-E6D345D5E234}.Release|Any CPU.Build.0 = Release|Any CPU
	EndGlobalSection
	GlobalSection(SolutionProperties) = preSolution
		HideSolutionNode = FALSE
	EndGlobalSection
	GlobalSection(ExtensibilityGlobals) = postSolution
		SolutionGuid = {6BD1CE38-9EE7-4ECE-9717-5E2D383F4B63}
	EndGlobalSection
EndGlobal
