
Microsoft Visual Studio Solution File, Format Version 12.00
# Visual Studio Version 17
VisualStudioVersion = 17.4.33213.308
MinimumVisualStudioVersion = 10.0.40219.1
Project("{FAE04EC0-301F-11D3-BF4B-00C04F79EFBC}") = "DividendeXmlGeneratorForm", "DividendeXmlGeneratorForm.csproj", "{FAB97F07-96A7-4A39-9B88-97555CC801C7}"
EndProject
Global
	GlobalSection(SolutionConfigurationPlatforms) = preSolution
		Debug|Any CPU = Debug|Any CPU
		Release|Any CPU = Release|Any CPU
	EndGlobalSection
	GlobalSection(ProjectConfigurationPlatforms) = postSolution
		{FAB97F07-96A7-4A39-9B88-97555CC801C7}.Debug|Any CPU.ActiveCfg = Debug|Any CPU
		{FAB97F07-96A7-4A39-9B88-97555CC801C7}.Debug|Any CPU.Build.0 = Debug|Any CPU
		{FAB97F07-96A7-4A39-9B88-97555CC801C7}.Release|Any CPU.ActiveCfg = Release|Any CPU
		{FAB97F07-96A7-4A39-9B88-97555CC801C7}.Release|Any CPU.Build.0 = Release|Any CPU
	EndGlobalSection
	GlobalSection(SolutionProperties) = preSolution
		HideSolutionNode = FALSE
	EndGlobalSection
	GlobalSection(ExtensibilityGlobals) = postSolution
		SolutionGuid = {D10517D2-9BD6-429B-916B-E9F44F76A755}
	EndGlobalSection
EndGlobal
